# THIS IS AN AUTOGENERATED FILE. DO NOT EDIT THIS FILE DIRECTLY.
# yarn lockfile v1


"@actions/core@^1.0.0", "@actions/core@^1.2.6":
  "integrity" "sha512-ZQYitnqiyBc3D+k7LsgSBmMDVkOVidaagDG7j3fOym77jNunWRuYx7VSHa9GNfFZh+zh61xsCjRj4JxMZlDqTA=="
  "resolved" "https://registry.npmjs.org/@actions/core/-/core-1.2.6.tgz"
  "version" "1.2.6"

"@actions/exec@^1.0.0":
  "integrity" "sha512-nquH0+XKng+Ll7rZfCojN7NWSbnGh+ltwUJhzfbLkmOJgxocGX2/yXcZLMyT9fa7+tByEow/NSTrBExNlEj9fw=="
  "resolved" "https://registry.npmjs.org/@actions/exec/-/exec-1.0.0.tgz"
  "version" "1.0.0"

"@actions/io@^1.0.0":
  "integrity" "sha512-ezrJSRdqtXtdx1WXlfYL85+40F7gB39jCK9P0jZVODW3W6xUYmu6ZOEc/UmmElUwhRyDRm1R4yNZu1Joq2kuQg=="
  "resolved" "https://registry.npmjs.org/@actions/io/-/io-1.0.0.tgz"
  "version" "1.0.0"

"@actions/tool-cache@^1.1.0":
  "integrity" "sha512-Oe/R1Gxv0G699OUL9ypxk9cTwHf1uXHhpcK7kpZt8d/Sbw915ktMkfxXt9+awOfLDwyl54sLi86KGCuSvnRuIQ=="
  "resolved" "https://registry.npmjs.org/@actions/tool-cache/-/tool-cache-1.1.0.tgz"
  "version" "1.1.0"
  dependencies:
    "@actions/core" "^1.0.0"
    "@actions/exec" "^1.0.0"
    "@actions/io" "^1.0.0"
    "semver" "^6.1.0"
    "typed-rest-client" "^1.4.0"
    "uuid" "^3.3.2"

"call-bind@^1.0.0":
  "integrity" "sha512-7O+FbCihrB5WGbFYesctwmTKae6rOiIzmz1icreWJ+0aA7LJfuqhEso2T9ncpcFtzMQtzXf2QGGueWJGTYsqrA=="
  "resolved" "https://registry.npmjs.org/call-bind/-/call-bind-1.0.2.tgz"
  "version" "1.0.2"
  dependencies:
    "function-bind" "^1.1.1"
    "get-intrinsic" "^1.0.2"

"function-bind@^1.1.1":
  "integrity" "sha512-yIovAzMX49sF8Yl58fSCWJ5svSLuaibPxXQJFLmBObTuCr0Mf1KiPopGM9NiFjiYBCbfaa2Fh6breQ6ANVTI0A=="
  "resolved" "https://registry.npmjs.org/function-bind/-/function-bind-1.1.1.tgz"
  "version" "1.1.1"

"get-intrinsic@^1.0.2":
  "integrity" "sha512-L049y6nFOuom5wGyRc3/gdTLO94dySVKRACj1RmJZBQXlbTMhtNIgkWkUHq+jYmZvKf14EW1EoJnnjbmoHij0Q=="
  "resolved" "https://registry.npmjs.org/get-intrinsic/-/get-intrinsic-1.2.0.tgz"
  "version" "1.2.0"
  dependencies:
    "function-bind" "^1.1.1"
    "has" "^1.0.3"
    "has-symbols" "^1.0.3"

"has-symbols@^1.0.3":
  "integrity" "sha512-l3LCuF6MgDNwTDKkdYGEihYjt5pRPbEg46rtlmnSPlUbgmB8LOIrKJbYYFBSbnPaJexMKtiPO8hmeRjRz2Td+A=="
  "resolved" "https://registry.npmjs.org/has-symbols/-/has-symbols-1.0.3.tgz"
  "version" "1.0.3"

"has@^1.0.3":
  "integrity" "sha512-f2dvO0VU6Oej7RkWJGrehjbzMAjFp5/VKPp5tTpWIV4JHHZK1/BxbFRtf/siA2SWTe09caDmVtYYzWEIbBS4zw=="
  "resolved" "https://registry.npmjs.org/has/-/has-1.0.3.tgz"
  "version" "1.0.3"
  dependencies:
    "function-bind" "^1.1.1"

"object-inspect@^1.9.0":
  "integrity" "sha512-geUvdk7c+eizMNUDkRpW1wJwgfOiOeHbxBR/hLXK1aT6zmVSO0jsQcs7fj6MGw89jC/cjGfLcNOrtMYtGqm81g=="
  "resolved" "https://registry.npmjs.org/object-inspect/-/object-inspect-1.12.3.tgz"
  "version" "1.12.3"

"qs@^6.11.1", "qs@^6.9.1":
  "integrity" "sha512-0wsrzgTz/kAVIeuxSjnpGC56rzYtr6JT/2BwEvMaPhFIoYa1aGO8LbzuU1R0uUYQkLpWBTOj0l/CLAJB64J6nQ=="
  "resolved" "https://registry.npmjs.org/qs/-/qs-6.11.1.tgz"
  "version" "6.11.1"
  dependencies:
    "side-channel" "^1.0.4"

"semver@^6.1.0", "semver@^6.1.1":
  "integrity" "sha512-b39TBaTSfV6yBrapU89p5fKekE2m/NwnDocOVruQFS1/veMgdzuPcnOM34M6CwxW8jH/lxEa5rBoDeUwu5HHTw=="
  "resolved" "https://registry.npmjs.org/semver/-/semver-6.3.0.tgz"
  "version" "6.3.0"

"side-channel@^1.0.4":
  "integrity" "sha512-q5XPytqFEIKHkGdiMIrY10mvLRvnQh42/+GoBlFW3b2LXLE2xxJpZFdm94we0BaoV3RwJyGqg5wS7epxTv0Zvw=="
  "resolved" "https://registry.npmjs.org/side-channel/-/side-channel-1.0.4.tgz"
  "version" "1.0.4"
  dependencies:
    "call-bind" "^1.0.0"
    "get-intrinsic" "^1.0.2"
    "object-inspect" "^1.9.0"

"tunnel@0.0.6":
  "integrity" "sha512-1h/Lnq9yajKY2PEbBadPXj3VxsDDu844OnaAo52UVmIzIvwwtBPIuNvkjuzBlTWpfJyUbG3ez0KSBibQkj4ojg=="
  "resolved" "https://registry.npmjs.org/tunnel/-/tunnel-0.0.6.tgz"
  "version" "0.0.6"

"typed-rest-client@^1.4.0":
  "integrity" "sha512-uSmjE38B80wjL85UFX3sTYEUlvZ1JgCRhsWj/fJ4rZ0FqDUFoIuodtiVeE+cUqiVTOKPdKrp/sdftD15MDek6g=="
  "resolved" "https://registry.npmjs.org/typed-rest-client/-/typed-rest-client-1.8.9.tgz"
  "version" "1.8.9"
  dependencies:
    "qs" "^6.9.1"
    "tunnel" "0.0.6"
    "underscore" "^1.12.1"

"underscore@^1.12.1":
  "integrity" "sha512-+A5Sja4HP1M08MaXya7p5LvjuM7K6q/2EaC0+iovj/wOcMsTzMvDFbasi/oSapiwOlt252IqsKqPjCl7huKS0A=="
  "resolved" "https://registry.npmjs.org/underscore/-/underscore-1.13.6.tgz"
  "version" "1.13.6"

"uuid@^3.3.2":
  "integrity" "sha512-yXJmeNaw3DnnKAOKJE51sL/ZaYfWJRl1pK9dr19YFCu0ObS231AB1/LbqTKRAQ5kw8A90rA6fr4riOUpTZvQZA=="
  "resolved" "https://registry.npmjs.org/uuid/-/uuid-3.3.2.tgz"
  "version" "3.3.2"
